{
  "name": "ai-teacher-miniprogram",
  "version": "1.0.0",
  "lockfileVersion": 3,
  "requires": true,
  "packages": {
    "": {
      "name": "ai-teacher-miniprogram",
      "version": "1.0.0",
      "license": "MIT",
      "dependencies": {
        "@vant/weapp": "^1.11.7",
        "mina-request": "^1.0.8",
        "mobx-miniprogram": "^6.12.3",
        "mobx-miniprogram-bindings": "^5.1.1",
        "mp-html": "^2.5.1"
      }
    },
    "node_modules/@vant/weapp": {
      "version": "1.11.7",
      "resolved": "https://registry.npmjs.org/@vant/weapp/-/weapp-1.11.7.tgz",
      "integrity": "sha512-Rwn9BBnb4kHSV4XmvBicwtd42J+amEUfnFDcXJsGNPNX4a9c/DoT6YLsm4X1wB2+sQbdiQsbFBLAvGRBxCkD8g==",
      "license": "MIT"
    },
    "node_modules/mina-request": {
      "version": "1.0.8",
      "resolved": "https://registry.npmjs.org/mina-request/-/mina-request-1.0.8.tgz",
      "integrity": "sha512-IzsnzZEAJOyQnYMKhut7+m6EygiiZOd5yvspNplVlVT026ucaaJrie92k0K0Umw0jkASvJn1WXjSq+FntYj/GQ==",
      "license": "ISC"
    },
    "node_modules/miniprogram-api-typings": {
      "version": "4.1.0",
      "resolved": "https://registry.npmjs.org/miniprogram-api-typings/-/miniprogram-api-typings-4.1.0.tgz",
      "integrity": "sha512-4RBsz27nBKyRkVGoNkRaPx24/KeJBw3zaaIlXDR8s/WBh2PbcUAc+q7wLLbp7Qsmb3bLzzUu7tqAti+B06kmjg==",
      "license": "MIT",
      "peer": true
    },
    "node_modules/mobx-miniprogram": {
      "version": "6.12.3",
      "resolved": "https://registry.npmjs.org/mobx-miniprogram/-/mobx-miniprogram-6.12.3.tgz",
      "integrity": "sha512-GEq1EG7jZPnrHYV43oppa6jY9lgbNRuGPiXyOFRoluHjd5LIGBf3a+zXMjzO1AVwrFOWvVRazxtzfiRXMUUqZw==",
      "license": "MIT",
      "funding": {
        "type": "opencollective",
        "url": "https://opencollective.com/mobx"
      }
    },
    "node_modules/mobx-miniprogram-bindings": {
      "version": "5.1.1",
      "resolved": "https://registry.npmjs.org/mobx-miniprogram-bindings/-/mobx-miniprogram-bindings-5.1.1.tgz",
      "integrity": "sha512-mWUST+SEkzOlOIaNCh5rlmpNirl+WKOAYifwfRUn8vpWUenCOyfi2Q7Z8bi+ydlAh/L6r1rmtFq8ot5zjeb1Yw==",
      "license": "MIT",
      "peerDependencies": {
        "miniprogram-api-typings": "^4.0.1",
        "mobx-miniprogram": "^6.0.0"
      }
    },
    "node_modules/mp-html": {
      "version": "2.5.1",
      "resolved": "https://registry.npmjs.org/mp-html/-/mp-html-2.5.1.tgz",
      "integrity": "sha512-7BEH8dnQ89kOIyjdoYni8zcc0QAg+lgEWg0n9or9q2D4l26JNG+KPzHfttDyisC/5S7aPBblpXrFTYQv475w/Q==",
      "license": "MIT"
    }
  }
}
